
Microsoft Visual Studio Solution File, Format Version 12.00
# Visual Studio Version 16
VisualStudioVersion = 16.0.30804.86
MinimumVisualStudioVersion = 10.0.40219.1
Project("{FAE04EC0-301F-11D3-BF4B-00C04F79EFBC}") = "MegaLaba", "MegaLaba.csproj", "{3A788AE8-829E-443B-9EB5-6FA5ADA9C7DC}"
EndProject
Global
	GlobalSection(SolutionConfigurationPlatforms) = preSolution
		Debug|Any CPU = Debug|Any CPU
		Release|Any CPU = Release|Any CPU
	EndGlobalSection
	GlobalSection(ProjectConfigurationPlatforms) = postSolution
		{3A788AE8-829E-443B-9EB5-6FA5ADA9C7DC}.Debug|Any CPU.ActiveCfg = Debug|Any CPU
		{3A788AE8-829E-443B-9EB5-6FA5ADA9C7DC}.Debug|Any CPU.Build.0 = Debug|Any CPU
		{3A788AE8-829E-443B-9EB5-6FA5ADA9C7DC}.Release|Any CPU.ActiveCfg = Release|Any CPU
		{3A788AE8-829E-443B-9EB5-6FA5ADA9C7DC}.Release|Any CPU.Build.0 = Release|Any CPU
	EndGlobalSection
	GlobalSection(SolutionProperties) = preSolution
		HideSolutionNode = FALSE
	EndGlobalSection
	GlobalSection(ExtensibilityGlobals) = postSolution
		SolutionGuid = {91DC3F8F-B875-45B0-AEE4-210DA74C821C}
	EndGlobalSection
EndGlobal
